// !$*UTF8*$!
{
	archiveVersion = 1;
	classes = {
	};
	objectVersion = 56;
	objects = {

/* Begin PBXBuildFile section */
		666989B02AE1271E007050B0 /* FriendsModel.xcdatamodeld in Sources */ = {isa = PBXBuildFile; fileRef = 666989AE2AE1271E007050B0 /* FriendsModel.xcdatamodeld */; };
		666989BE2AE12998007050B0 /* CachedUser+CoreDataClass.swift in Sources */ = {isa = PBXBuildFile; fileRef = 666989BA2AE12998007050B0 /* CachedUser+CoreDataClass.swift */; };
		666989BF2AE12998007050B0 /* CachedUser+CoreDataProperties.swift in Sources */ = {isa = PBXBuildFile; fileRef = 666989BB2AE12998007050B0 /* CachedUser+CoreDataProperties.swift */; };
		666989C02AE12998007050B0 /* CachedFriend+CoreDataClass.swift in Sources */ = {isa = PBXBuildFile; fileRef = 666989BC2AE12998007050B0 /* CachedFriend+CoreDataClass.swift */; };
		666989C12AE12998007050B0 /* CachedFriend+CoreDataProperties.swift in Sources */ = {isa = PBXBuildFile; fileRef = 666989BD2AE12998007050B0 /* CachedFriend+CoreDataProperties.swift */; };
		666989C32AE12C84007050B0 /* DataController.swift in Sources */ = {isa = PBXBuildFile; fileRef = 666989C22AE12C84007050B0 /* DataController.swift */; };
		66CAB43D2ADFD8380078F17B /* FriendsApp.swift in Sources */ = {isa = PBXBuildFile; fileRef = 66CAB43C2ADFD8380078F17B /* FriendsApp.swift */; };
		66CAB43F2ADFD8380078F17B /* ContentView.swift in Sources */ = {isa = PBXBuildFile; fileRef = 66CAB43E2ADFD8380078F17B /* ContentView.swift */; };
		66CAB4412ADFD8390078F17B /* Assets.xcassets in Resources */ = {isa = PBXBuildFile; fileRef = 66CAB4402ADFD8390078F17B /* Assets.xcassets */; };
		66CAB4442ADFD8390078F17B /* Preview Assets.xcassets in Resources */ = {isa = PBXBuildFile; fileRef = 66CAB4432ADFD8390078F17B /* Preview Assets.xcassets */; };
		66CAB44B2ADFD8E40078F17B /* User.swift in Sources */ = {isa = PBXBuildFile; fileRef = 66CAB44A2ADFD8E40078F17B /* User.swift */; };
		66CAB44D2ADFD8EE0078F17B /* Friend.swift in Sources */ = {isa = PBXBuildFile; fileRef = 66CAB44C2ADFD8EE0078F17B /* Friend.swift */; };
		66CAB44F2ADFDED90078F17B /* DetailView.swift in Sources */ = {isa = PBXBuildFile; fileRef = 66CAB44E2ADFDED90078F17B /* DetailView.swift */; };
/* End PBXBuildFile section */

/* Begin PBXFileReference section */
		666989AF2AE1271E007050B0 /* FriendsModel.xcdatamodel */ = {isa = PBXFileReference; lastKnownFileType = wrapper.xcdatamodel; path = FriendsModel.xcdatamodel; sourceTree = "<group>"; };
		666989BA2AE12998007050B0 /* CachedUser+CoreDataClass.swift */ = {isa = PBXFileReference; lastKnownFileType = sourcecode.swift; path = "CachedUser+CoreDataClass.swift"; sourceTree = "<group>"; };
		666989BB2AE12998007050B0 /* CachedUser+CoreDataProperties.swift */ = {isa = PBXFileReference; lastKnownFileType = sourcecode.swift; path = "CachedUser+CoreDataProperties.swift"; sourceTree = "<group>"; };
		666989BC2AE12998007050B0 /* CachedFriend+CoreDataClass.swift */ = {isa = PBXFileReference; lastKnownFileType = sourcecode.swift; path = "CachedFriend+CoreDataClass.swift"; sourceTree = "<group>"; };
		666989BD2AE12998007050B0 /* CachedFriend+CoreDataProperties.swift */ = {isa = PBXFileReference; lastKnownFileType = sourcecode.swift; path = "CachedFriend+CoreDataProperties.swift"; sourceTree = "<group>"; };
		666989C22AE12C84007050B0 /* DataController.swift */ = {isa = PBXFileReference; lastKnownFileType = sourcecode.swift; path = DataController.swift; sourceTree = "<group>"; };
		66CAB4392ADFD8380078F17B /* Friends.app */ = {isa = PBXFileReference; explicitFileType = wrapper.application; includeInIndex = 0; path = Friends.app; sourceTree = BUILT_PRODUCTS_DIR; };
		66CAB43C2ADFD8380078F17B /* FriendsApp.swift */ = {isa = PBXFileReference; lastKnownFileType = sourcecode.swift; path = FriendsApp.swift; sourceTree = "<group>"; };
		66CAB43E2ADFD8380078F17B /* ContentView.swift */ = {isa = PBXFileReference; lastKnownFileType = sourcecode.swift; path = ContentView.swift; sourceTree = "<group>"; };
		66CAB4402ADFD8390078F17B /* Assets.xcassets */ = {isa = PBXFileReference; lastKnownFileType = folder.assetcatalog; path = Assets.xcassets; sourceTree = "<group>"; };
		66CAB4432ADFD8390078F17B /* Preview Assets.xcassets */ = {isa = PBXFileReference; lastKnownFileType = folder.assetcatalog; path = "Preview Assets.xcassets"; sourceTree = "<group>"; };
		66CAB44A2ADFD8E40078F17B /* User.swift */ = {isa = PBXFileReference; lastKnownFileType = sourcecode.swift; path = User.swift; sourceTree = "<group>"; };
		66CAB44C2ADFD8EE0078F17B /* Friend.swift */ = {isa = PBXFileReference; lastKnownFileType = sourcecode.swift; path = Friend.swift; sourceTree = "<group>"; };
		66CAB44E2ADFDED90078F17B /* DetailView.swift */ = {isa = PBXFileReference; lastKnownFileType = sourcecode.swift; path = DetailView.swift; sourceTree = "<group>"; };
/* End PBXFileReference section */

/* Begin PBXFrameworksBuildPhase section */
		66CAB4362ADFD8380078F17B /* Frameworks */ = {
			isa = PBXFrameworksBuildPhase;
			buildActionMask = 2147483647;
			files = (
			);
			runOnlyForDeploymentPostprocessing = 0;
		};
/* End PBXFrameworksBuildPhase section */

/* Begin PBXGroup section */
		666989B92AE128D3007050B0 /* CoreDataClasses */ = {
			isa = PBXGroup;
			children = (
				666989BA2AE12998007050B0 /* CachedUser+CoreDataClass.swift */,
				666989BB2AE12998007050B0 /* CachedUser+CoreDataProperties.swift */,
				666989BC2AE12998007050B0 /* CachedFriend+CoreDataClass.swift */,
				666989BD2AE12998007050B0 /* CachedFriend+CoreDataProperties.swift */,
			);
			path = CoreDataClasses;
			sourceTree = "<group>";
		};
		66CAB4302ADFD8380078F17B = {
			isa = PBXGroup;
			children = (
				66CAB43B2ADFD8380078F17B /* Friends */,
				66CAB43A2ADFD8380078F17B /* Products */,
			);
			sourceTree = "<group>";
		};
		66CAB43A2ADFD8380078F17B /* Products */ = {
			isa = PBXGroup;
			children = (
				66CAB4392ADFD8380078F17B /* Friends.app */,
			);
			name = Products;
			sourceTree = "<group>";
		};
		66CAB43B2ADFD8380078F17B /* Friends */ = {
			isa = PBXGroup;
			children = (
				666989B92AE128D3007050B0 /* CoreDataClasses */,
				66CAB43C2ADFD8380078F17B /* FriendsApp.swift */,
				666989C22AE12C84007050B0 /* DataController.swift */,
				66CAB43E2ADFD8380078F17B /* ContentView.swift */,
				66CAB44E2ADFDED90078F17B /* DetailView.swift */,
				666989AE2AE1271E007050B0 /* FriendsModel.xcdatamodeld */,
				66CAB44A2ADFD8E40078F17B /* User.swift */,
				66CAB44C2ADFD8EE0078F17B /* Friend.swift */,
				66CAB4402ADFD8390078F17B /* Assets.xcassets */,
				66CAB4422ADFD8390078F17B /* Preview Content */,
			);
			path = Friends;
			sourceTree = "<group>";
		};
		66CAB4422ADFD8390078F17B /* Preview Content */ = {
			isa = PBXGroup;
			children = (
				66CAB4432ADFD8390078F17B /* Preview Assets.xcassets */,
			);
			path = "Preview Content";
			sourceTree = "<group>";
		};
/* End PBXGroup section */

/* Begin PBXNativeTarget section */
		66CAB4382ADFD8380078F17B /* Friends */ = {
			isa = PBXNativeTarget;
			buildConfigurationList = 66CAB4472ADFD8390078F17B /* Build configuration list for PBXNativeTarget "Friends" */;
			buildPhases = (
				66CAB4352ADFD8380078F17B /* Sources */,
				66CAB4362ADFD8380078F17B /* Frameworks */,
				66CAB4372ADFD8380078F17B /* Resources */,
			);
			buildRules = (
			);
			dependencies = (
			);
			name = Friends;
			productName = Friends;
			productReference = 66CAB4392ADFD8380078F17B /* Friends.app */;
			productType = "com.apple.product-type.application";
		};
/* End PBXNativeTarget section */

/* Begin PBXProject section */
		66CAB4312ADFD8380078F17B /* Project object */ = {
			isa = PBXProject;
			attributes = {
				BuildIndependentTargetsInParallel = 1;
				LastSwiftUpdateCheck = 1500;
				LastUpgradeCheck = 1500;
				TargetAttributes = {
					66CAB4382ADFD8380078F17B = {
						CreatedOnToolsVersion = 15.0;
					};
				};
			};
			buildConfigurationList = 66CAB4342ADFD8380078F17B /* Build configuration list for PBXProject "Friends" */;
			compatibilityVersion = "Xcode 14.0";
			developmentRegion = en;
			hasScannedForEncodings = 0;
			knownRegions = (
				en,
				Base,
			);
			mainGroup = 66CAB4302ADFD8380078F17B;
			productRefGroup = 66CAB43A2ADFD8380078F17B /* Products */;
			projectDirPath = "";
			projectRoot = "";
			targets = (
				66CAB4382ADFD8380078F17B /* Friends */,
			);
		};
/* End PBXProject section */

/* Begin PBXResourcesBuildPhase section */
		66CAB4372ADFD8380078F17B /* Resources */ = {
			isa = PBXResourcesBuildPhase;
			buildActionMask = 2147483647;
			files = (
				66CAB4442ADFD8390078F17B /* Preview Assets.xcassets in Resources */,
				66CAB4412ADFD8390078F17B /* Assets.xcassets in Resources */,
			);
			runOnlyForDeploymentPostprocessing = 0;
		};
/* End PBXResourcesBuildPhase section */

/* Begin PBXSourcesBuildPhase section */
		66CAB4352ADFD8380078F17B /* Sources */ = {
			isa = PBXSourcesBuildPhase;
			buildActionMask = 2147483647;
			files = (
				666989C02AE12998007050B0 /* CachedFriend+CoreDataClass.swift in Sources */,
				66CAB43F2ADFD8380078F17B /* ContentView.swift in Sources */,
				666989BF2AE12998007050B0 /* CachedUser+CoreDataProperties.swift in Sources */,
				66CAB43D2ADFD8380078F17B /* FriendsApp.swift in Sources */,
				666989C12AE12998007050B0 /* CachedFriend+CoreDataProperties.swift in Sources */,
				666989C32AE12C84007050B0 /* DataController.swift in Sources */,
				66CAB44B2ADFD8E40078F17B /* User.swift in Sources */,
				666989B02AE1271E007050B0 /* FriendsModel.xcdatamodeld in Sources */,
				66CAB44F2ADFDED90078F17B /* DetailView.swift in Sources */,
				666989BE2AE12998007050B0 /* CachedUser+CoreDataClass.swift in Sources */,
				66CAB44D2ADFD8EE0078F17B /* Friend.swift in Sources */,
			);
			runOnlyForDeploymentPostprocessing = 0;
		};
/* End PBXSourcesBuildPhase section */

/* Begin XCBuildConfiguration section */
		66CAB4452ADFD8390078F17B /* Debug */ = {
			isa = XCBuildConfiguration;
			buildSettings = {
				ALWAYS_SEARCH_USER_PATHS = NO;
				ASSETCATALOG_COMPILER_GENERATE_SWIFT_ASSET_SYMBOL_EXTENSIONS = YES;
				CLANG_ANALYZER_NONNULL = YES;
				CLANG_ANALYZER_NUMBER_OBJECT_CONVERSION = YES_AGGRESSIVE;
				CLANG_CXX_LANGUAGE_STANDARD = "gnu++20";
				CLANG_ENABLE_MODULES = YES;
				CLANG_ENABLE_OBJC_ARC = YES;
				CLANG_ENABLE_OBJC_WEAK = YES;
				CLANG_WARN_BLOCK_CAPTURE_AUTORELEASING = YES;
				CLANG_WARN_BOOL_CONVERSION = YES;
				CLANG_WARN_COMMA = YES;
				CLANG_WARN_CONSTANT_CONVERSION = YES;
				CLANG_WARN_DEPRECATED_OBJC_IMPLEMENTATIONS = YES;
				CLANG_WARN_DIRECT_OBJC_ISA_USAGE = YES_ERROR;
				CLANG_WARN_DOCUMENTATION_COMMENTS = YES;
				CLANG_WARN_EMPTY_BODY = YES;
				CLANG_WARN_ENUM_CONVERSION = YES;
				CLANG_WARN_INFINITE_RECURSION = YES;
				CLANG_WARN_INT_CONVERSION = YES;
				CLANG_WARN_NON_LITERAL_NULL_CONVERSION = YES;
				CLANG_WARN_OBJC_IMPLICIT_RETAIN_SELF = YES;
				CLANG_WARN_OBJC_LITERAL_CONVERSION = YES;
				CLANG_WARN_OBJC_ROOT_CLASS = YES_ERROR;
				CLANG_WARN_QUOTED_INCLUDE_IN_FRAMEWORK_HEADER = YES;
				CLANG_WARN_RANGE_LOOP_ANALYSIS = YES;
				CLANG_WARN_STRICT_PROTOTYPES = YES;
				CLANG_WARN_SUSPICIOUS_MOVE = YES;
				CLANG_WARN_UNGUARDED_AVAILABILITY = YES_AGGRESSIVE;
				CLANG_WARN_UNREACHABLE_CODE = YES;
				CLANG_WARN__DUPLICATE_METHOD_MATCH = YES;
				COPY_PHASE_STRIP = NO;
				DEBUG_INFORMATION_FORMAT = dwarf;
				ENABLE_STRICT_OBJC_MSGSEND = YES;
				ENABLE_TESTABILITY = YES;
				ENABLE_USER_SCRIPT_SANDBOXING = YES;
				GCC_C_LANGUAGE_STANDARD = gnu17;
				GCC_DYNAMIC_NO_PIC = NO;
				GCC_NO_COMMON_BLOCKS = YES;
				GCC_OPTIMIZATION_LEVEL = 0;
				GCC_PREPROCESSOR_DEFINITIONS = (
					"DEBUG=1",
					"$(inherited)",
				);
				GCC_WARN_64_TO_32_BIT_CONVERSION = YES;
				GCC_WARN_ABOUT_RETURN_TYPE = YES_ERROR;
				GCC_WARN_UNDECLARED_SELECTOR = YES;
				GCC_WARN_UNINITIALIZED_AUTOS = YES_AGGRESSIVE;
				GCC_WARN_UNUSED_FUNCTION = YES;
				GCC_WARN_UNUSED_VARIABLE = YES;
				IPHONEOS_DEPLOYMENT_TARGET = 17.0;
				LOCALIZATION_PREFERS_STRING_CATALOGS = YES;
				MTL_ENABLE_DEBUG_INFO = INCLUDE_SOURCE;
				MTL_FAST_MATH = YES;
				ONLY_ACTIVE_ARCH = YES;
				SDKROOT = iphoneos;
				SWIFT_ACTIVE_COMPILATION_CONDITIONS = "DEBUG $(inherited)";
				SWIFT_OPTIMIZATION_LEVEL = "-Onone";
			};
			name = Debug;
		};
		66CAB4462ADFD8390078F17B /* Release */ = {
			isa = XCBuildConfiguration;
			buildSettings = {
				ALWAYS_SEARCH_USER_PATHS = NO;
				ASSETCATALOG_COMPILER_GENERATE_SWIFT_ASSET_SYMBOL_EXTENSIONS = YES;
				CLANG_ANALYZER_NONNULL = YES;
				CLANG_ANALYZER_NUMBER_OBJECT_CONVERSION = YES_AGGRESSIVE;
				CLANG_CXX_LANGUAGE_STANDARD = "gnu++20";
				CLANG_ENABLE_MODULES = YES;
				CLANG_ENABLE_OBJC_ARC = YES;
				CLANG_ENABLE_OBJC_WEAK = YES;
				CLANG_WARN_BLOCK_CAPTURE_AUTORELEASING = YES;
				CLANG_WARN_BOOL_CONVERSION = YES;
				CLANG_WARN_COMMA = YES;
				CLANG_WARN_CONSTANT_CONVERSION = YES;
				CLANG_WARN_DEPRECATED_OBJC_IMPLEMENTATIONS = YES;
				CLANG_WARN_DIRECT_OBJC_ISA_USAGE = YES_ERROR;
				CLANG_WARN_DOCUMENTATION_COMMENTS = YES;
				CLANG_WARN_EMPTY_BODY = YES;
				CLANG_WARN_ENUM_CONVERSION = YES;
				CLANG_WARN_INFINITE_RECURSION = YES;
				CLANG_WARN_INT_CONVERSION = YES;
				CLANG_WARN_NON_LITERAL_NULL_CONVERSION = YES;
				CLANG_WARN_OBJC_IMPLICIT_RETAIN_SELF = YES;
				CLANG_WARN_OBJC_LITERAL_CONVERSION = YES;
				CLANG_WARN_OBJC_ROOT_CLASS = YES_ERROR;
				CLANG_WARN_QUOTED_INCLUDE_IN_FRAMEWORK_HEADER = YES;
				CLANG_WARN_RANGE_LOOP_ANALYSIS = YES;
				CLANG_WARN_STRICT_PROTOTYPES = YES;
				CLANG_WARN_SUSPICIOUS_MOVE = YES;
				CLANG_WARN_UNGUARDED_AVAILABILITY = YES_AGGRESSIVE;
				CLANG_WARN_UNREACHABLE_CODE = YES;
				CLANG_WARN__DUPLICATE_METHOD_MATCH = YES;
				COPY_PHASE_STRIP = NO;
				DEBUG_INFORMATION_FORMAT = "dwarf-with-dsym";
				ENABLE_NS_ASSERTIONS = NO;
				ENABLE_STRICT_OBJC_MSGSEND = YES;
				ENABLE_USER_SCRIPT_SANDBOXING = YES;
				GCC_C_LANGUAGE_STANDARD = gnu17;
				GCC_NO_COMMON_BLOCKS = YES;
				GCC_WARN_64_TO_32_BIT_CONVERSION = YES;
				GCC_WARN_ABOUT_RETURN_TYPE = YES_ERROR;
				GCC_WARN_UNDECLARED_SELECTOR = YES;
				GCC_WARN_UNINITIALIZED_AUTOS = YES_AGGRESSIVE;
				GCC_WARN_UNUSED_FUNCTION = YES;
				GCC_WARN_UNUSED_VARIABLE = YES;
				IPHONEOS_DEPLOYMENT_TARGET = 17.0;
				LOCALIZATION_PREFERS_STRING_CATALOGS = YES;
				MTL_ENABLE_DEBUG_INFO = NO;
				MTL_FAST_MATH = YES;
				SDKROOT = iphoneos;
				SWIFT_COMPILATION_MODE = wholemodule;
				VALIDATE_PRODUCT = YES;
			};
			name = Release;
		};
		66CAB4482ADFD8390078F17B /* Debug */ = {
			isa = XCBuildConfiguration;
			buildSettings = {
				ASSETCATALOG_COMPILER_APPICON_NAME = AppIcon;
				ASSETCATALOG_COMPILER_GLOBAL_ACCENT_COLOR_NAME = AccentColor;
				CODE_SIGN_STYLE = Automatic;
				CURRENT_PROJECT_VERSION = 1;
				DEVELOPMENT_ASSET_PATHS = "\"Friends/Preview Content\"";
				DEVELOPMENT_TEAM = 474G49AKB2;
				ENABLE_PREVIEWS = YES;
				GENERATE_INFOPLIST_FILE = YES;
				INFOPLIST_KEY_UIApplicationSceneManifest_Generation = YES;
				INFOPLIST_KEY_UIApplicationSupportsIndirectInputEvents = YES;
				INFOPLIST_KEY_UILaunchScreen_Generation = YES;
				INFOPLIST_KEY_UISupportedInterfaceOrientations_iPad = "UIInterfaceOrientationPortrait UIInterfaceOrientationPortraitUpsideDown UIInterfaceOrientationLandscapeLeft UIInterfaceOrientationLandscapeRight";
				INFOPLIST_KEY_UISupportedInterfaceOrientations_iPhone = "UIInterfaceOrientationPortrait UIInterfaceOrientationLandscapeLeft UIInterfaceOrientationLandscapeRight";
				LD_RUNPATH_SEARCH_PATHS = (
					"$(inherited)",
					"@executable_path/Frameworks",
				);
				MARKETING_VERSION = 1.0;
				PRODUCT_BUNDLE_IDENTIFIER = com.admi126n.Friends;
				PRODUCT_NAME = "$(TARGET_NAME)";
				SWIFT_EMIT_LOC_STRINGS = YES;
				SWIFT_VERSION = 5.0;
				TARGETED_DEVICE_FAMILY = "1,2";
			};
			name = Debug;
		};
		66CAB4492ADFD8390078F17B /* Release */ = {
			isa = XCBuildConfiguration;
			buildSettings = {
				ASSETCATALOG_COMPILER_APPICON_NAME = AppIcon;
				ASSETCATALOG_COMPILER_GLOBAL_ACCENT_COLOR_NAME = AccentColor;
				CODE_SIGN_STYLE = Automatic;
				CURRENT_PROJECT_VERSION = 1;
				DEVELOPMENT_ASSET_PATHS = "\"Friends/Preview Content\"";
				DEVELOPMENT_TEAM = 474G49AKB2;
				ENABLE_PREVIEWS = YES;
				GENERATE_INFOPLIST_FILE = YES;
				INFOPLIST_KEY_UIApplicationSceneManifest_Generation = YES;
				INFOPLIST_KEY_UIApplicationSupportsIndirectInputEvents = YES;
				INFOPLIST_KEY_UILaunchScreen_Generation = YES;
				INFOPLIST_KEY_UISupportedInterfaceOrientations_iPad = "UIInterfaceOrientationPortrait UIInterfaceOrientationPortraitUpsideDown UIInterfaceOrientationLandscapeLeft UIInterfaceOrientationLandscapeRight";
				INFOPLIST_KEY_UISupportedInterfaceOrientations_iPhone = "UIInterfaceOrientationPortrait UIInterfaceOrientationLandscapeLeft UIInterfaceOrientationLandscapeRight";
				LD_RUNPATH_SEARCH_PATHS = (
					"$(inherited)",
					"@executable_path/Frameworks",
				);
				MARKETING_VERSION = 1.0;
				PRODUCT_BUNDLE_IDENTIFIER = com.admi126n.Friends;
				PRODUCT_NAME = "$(TARGET_NAME)";
				SWIFT_EMIT_LOC_STRINGS = YES;
				SWIFT_VERSION = 5.0;
				TARGETED_DEVICE_FAMILY = "1,2";
			};
			name = Release;
		};
/* End XCBuildConfiguration section */

/* Begin XCConfigurationList section */
		66CAB4342ADFD8380078F17B /* Build configuration list for PBXProject "Friends" */ = {
			isa = XCConfigurationList;
			buildConfigurations = (
				66CAB4452ADFD8390078F17B /* Debug */,
				66CAB4462ADFD8390078F17B /* Release */,
			);
			defaultConfigurationIsVisible = 0;
			defaultConfigurationName = Release;
		};
		66CAB4472ADFD8390078F17B /* Build configuration list for PBXNativeTarget "Friends" */ = {
			isa = XCConfigurationList;
			buildConfigurations = (
				66CAB4482ADFD8390078F17B /* Debug */,
				66CAB4492ADFD8390078F17B /* Release */,
			);
			defaultConfigurationIsVisible = 0;
			defaultConfigurationName = Release;
		};
/* End XCConfigurationList section */

/* Begin XCVersionGroup section */
		666989AE2AE1271E007050B0 /* FriendsModel.xcdatamodeld */ = {
			isa = XCVersionGroup;
			children = (
				666989AF2AE1271E007050B0 /* FriendsModel.xcdatamodel */,
			);
			currentVersion = 666989AF2AE1271E007050B0 /* FriendsModel.xcdatamodel */;
			path = FriendsModel.xcdatamodeld;
			sourceTree = "<group>";
			versionGroupType = wrapper.xcdatamodel;
		};
/* End XCVersionGroup section */
	};
	rootObject = 66CAB4312ADFD8380078F17B /* Project object */;
}
